
Microsoft Visual Studio Solution File, Format Version 12.00
# Visual Studio 15
VisualStudioVersion = 15.0.27130.2024
MinimumVisualStudioVersion = 10.0.40219.1
Project("{FAE04EC0-301F-11D3-BF4B-00C04F79EFBC}") = "GeneticGUI", "GeneticGUI\GeneticGUI.csproj", "{BD42F332-D611-4420-8F47-9EB96EF7681F}"
EndProject
Project("{FAE04EC0-301F-11D3-BF4B-00C04F79EFBC}") = "GeneticLib", "..\GeneticLib\GeneticLib.csproj", "{3AAC5791-9F11-49A8-AE3F-953379EDF502}"
EndProject
Global
	GlobalSection(SolutionConfigurationPlatforms) = preSolution
		Debug|Any CPU = Debug|Any CPU
		Release|Any CPU = Release|Any CPU
	EndGlobalSection
	GlobalSection(ProjectConfigurationPlatforms) = postSolution
		{BD42F332-D611-4420-8F47-9EB96EF7681F}.Debug|Any CPU.ActiveCfg = Debug|Any CPU
		{BD42F332-D611-4420-8F47-9EB96EF7681F}.Debug|Any CPU.Build.0 = Debug|Any CPU
		{BD42F332-D611-4420-8F47-9EB96EF7681F}.Release|Any CPU.ActiveCfg = Release|Any CPU
		{BD42F332-D611-4420-8F47-9EB96EF7681F}.Release|Any CPU.Build.0 = Release|Any CPU
		{3AAC5791-9F11-49A8-AE3F-953379EDF502}.Debug|Any CPU.ActiveCfg = Debug|Any CPU
		{3AAC5791-9F11-49A8-AE3F-953379EDF502}.Debug|Any CPU.Build.0 = Debug|Any CPU
		{3AAC5791-9F11-49A8-AE3F-953379EDF502}.Release|Any CPU.ActiveCfg = Release|Any CPU
		{3AAC5791-9F11-49A8-AE3F-953379EDF502}.Release|Any CPU.Build.0 = Release|Any CPU
	EndGlobalSection
	GlobalSection(SolutionProperties) = preSolution
		HideSolutionNode = FALSE
	EndGlobalSection
	GlobalSection(ExtensibilityGlobals) = postSolution
		SolutionGuid = {1ADAAB0D-215A-4B43-AF26-83A787EC7716}
	EndGlobalSection
EndGlobal
